
Microsoft Visual Studio Solution File, Format Version 12.00
# Visual Studio Version 17
VisualStudioVersion = 17.9.34728.123
MinimumVisualStudioVersion = 10.0.40219.1
Project("{9A19103F-16F7-4668-BE54-9A1E7A4F7556}") = "ASiNet.App.WCP", "ASiNet.App.WCP\ASiNet.App.WCP.csproj", "{33D117E6-4550-4EA5-8C8A-0C9040952724}"
EndProject
Project("{9A19103F-16F7-4668-BE54-9A1E7A4F7556}") = "ASiNet.WCP.Core", "ASiNet.WCP.Core\ASiNet.WCP.Core.csproj", "{0C5962F5-3031-4837-A54A-BB10237B3D83}"
EndProject
Project("{9A19103F-16F7-4668-BE54-9A1E7A4F7556}") = "ASiNet.WCP.WinApi", "ASiNet.WCP.WinApi\ASiNet.WCP.WinApi.csproj", "{45623FB0-4C29-4006-8E99-7A1A5916098E}"
EndProject
Project("{9A19103F-16F7-4668-BE54-9A1E7A4F7556}") = "ASiNet.WCP.Common", "ASiNet.WCP.Common\ASiNet.WCP.Common.csproj", "{1421B1CA-F1C3-4EC4-AC12-0D53640F8E60}"
EndProject
Project("{2150E333-8FDC-42A3-9474-1A3956D46DE8}") = "UI", "UI", "{1BD434BB-57A6-4348-AE0C-5389EDF5A811}"
EndProject
Project("{2150E333-8FDC-42A3-9474-1A3956D46DE8}") = "Core", "Core", "{3E60698A-E41F-4A60-BA5E-9F15500AEF61}"
EndProject
Project("{2150E333-8FDC-42A3-9474-1A3956D46DE8}") = "WinAPI", "WinAPI", "{ACB4153C-A80B-4C1A-BB07-1902115D9688}"
EndProject
Project("{2150E333-8FDC-42A3-9474-1A3956D46DE8}") = "Service", "Service", "{2A9A15D8-DC4E-4B6A-AB4B-2C52942DB614}"
EndProject
Project("{9A19103F-16F7-4668-BE54-9A1E7A4F7556}") = "ASiNet.WCP.DesktopService", "ASiNet.WCP.DesktopService\ASiNet.WCP.DesktopService.csproj", "{785B3C4E-54E5-40FF-815B-D87AD1B625F7}"
EndProject
Project("{9A19103F-16F7-4668-BE54-9A1E7A4F7556}") = "ASiNet.App.WCP.Desktop", "ASiNet.App.WCP.Desktop\ASiNet.App.WCP.Desktop.csproj", "{428E34C1-3C13-46E6-BD40-927CBBDCF173}"
EndProject
Project("{9A19103F-16F7-4668-BE54-9A1E7A4F7556}") = "ASiNet.WCP.Macroses.Core", "ASiNet.WCP.Macroses.Core\ASiNet.WCP.Macroses.Core.csproj", "{3D4EFA35-C01A-40E2-8FA9-A2235F66A289}"
EndProject
Project("{2150E333-8FDC-42A3-9474-1A3956D46DE8}") = "ADS_Android", "ADS_Android", "{631DEE6A-0575-46DD-B518-0B26A677273C}"
EndProject
Project("{9A19103F-16F7-4668-BE54-9A1E7A4F7556}") = "ASiNet.Yandex.Ads", "ASiNet.Yandex.Ads\ASiNet.Yandex.Ads.csproj", "{99887960-2C65-4734-A57C-FD5344A5F67F}"
EndProject
Project("{9A19103F-16F7-4668-BE54-9A1E7A4F7556}") = "Xamarin.YandexAds.Android", "Xamarin.YandexAds.Android\Xamarin.YandexAds.Android.csproj", "{7609EA5C-7F60-4A8C-A581-AB5D7A61E413}"
EndProject
Project("{9A19103F-16F7-4668-BE54-9A1E7A4F7556}") = "Xamarin.YandexMetrikaPush.Android", "Xamarin.YandexMetrikaPush.Android\Xamarin.YandexMetrikaPush.Android.csproj", "{8E74FFC2-5B3E-4436-A634-466479F9C188}"
EndProject
Project("{9A19103F-16F7-4668-BE54-9A1E7A4F7556}") = "Xamarin.YandexMetrikaPush.Core.Android", "Xamarin.YandexMetrikaPush.Core.Android\Xamarin.YandexMetrikaPush.Core.Android.csproj", "{0A03F1F0-E13F-499C-9BD1-69E798C3E91F}"
EndProject
Project("{9A19103F-16F7-4668-BE54-9A1E7A4F7556}") = "Xamarin.YandexMetrikaPush.Provider.Firebase.Android", "Xamarin.YandexMetrikaPush.Provider.Firebase.Android\Xamarin.YandexMetrikaPush.Provider.Firebase.Android.csproj", "{516ADBFA-197A-42A4-878B-C97147C1814C}"
EndProject
Project("{FAE04EC0-301F-11D3-BF4B-00C04F79EFBC}") = "ASiNet.WCP.History", "ASiNet.WCP.History\ASiNet.WCP.History.csproj", "{61DF5746-BDE6-4B10-B1AC-8C5DB0635ACB}"
EndProject
Global
	GlobalSection(SolutionConfigurationPlatforms) = preSolution
		Debug|Any CPU = Debug|Any CPU
		Debug|ARM64 = Debug|ARM64
		Debug|x64 = Debug|x64
		Debug|x86 = Debug|x86
		Release|Any CPU = Release|Any CPU
		Release|ARM64 = Release|ARM64
		Release|x64 = Release|x64
		Release|x86 = Release|x86
	EndGlobalSection
	GlobalSection(ProjectConfigurationPlatforms) = postSolution
		{33D117E6-4550-4EA5-8C8A-0C9040952724}.Debug|Any CPU.ActiveCfg = Debug|Any CPU
		{33D117E6-4550-4EA5-8C8A-0C9040952724}.Debug|Any CPU.Build.0 = Debug|Any CPU
		{33D117E6-4550-4EA5-8C8A-0C9040952724}.Debug|Any CPU.Deploy.0 = Debug|Any CPU
		{33D117E6-4550-4EA5-8C8A-0C9040952724}.Debug|ARM64.ActiveCfg = Debug|Any CPU
		{33D117E6-4550-4EA5-8C8A-0C9040952724}.Debug|ARM64.Build.0 = Debug|Any CPU
		{33D117E6-4550-4EA5-8C8A-0C9040952724}.Debug|ARM64.Deploy.0 = Debug|Any CPU
		{33D117E6-4550-4EA5-8C8A-0C9040952724}.Debug|x64.ActiveCfg = Debug|Any CPU
		{33D117E6-4550-4EA5-8C8A-0C9040952724}.Debug|x64.Build.0 = Debug|Any CPU
		{33D117E6-4550-4EA5-8C8A-0C9040952724}.Debug|x64.Deploy.0 = Debug|Any CPU
		{33D117E6-4550-4EA5-8C8A-0C9040952724}.Debug|x86.ActiveCfg = Debug|Any CPU
		{33D117E6-4550-4EA5-8C8A-0C9040952724}.Debug|x86.Build.0 = Debug|Any CPU
		{33D117E6-4550-4EA5-8C8A-0C9040952724}.Debug|x86.Deploy.0 = Debug|Any CPU
		{33D117E6-4550-4EA5-8C8A-0C9040952724}.Release|Any CPU.ActiveCfg = Release|Any CPU
		{33D117E6-4550-4EA5-8C8A-0C9040952724}.Release|Any CPU.Build.0 = Release|Any CPU
		{33D117E6-4550-4EA5-8C8A-0C9040952724}.Release|Any CPU.Deploy.0 = Release|Any CPU
		{33D117E6-4550-4EA5-8C8A-0C9040952724}.Release|ARM64.ActiveCfg = Release|Any CPU
		{33D117E6-4550-4EA5-8C8A-0C9040952724}.Release|ARM64.Build.0 = Release|Any CPU
		{33D117E6-4550-4EA5-8C8A-0C9040952724}.Release|ARM64.Deploy.0 = Release|Any CPU
		{33D117E6-4550-4EA5-8C8A-0C9040952724}.Release|x64.ActiveCfg = Release|Any CPU
		{33D117E6-4550-4EA5-8C8A-0C9040952724}.Release|x64.Build.0 = Release|Any CPU
		{33D117E6-4550-4EA5-8C8A-0C9040952724}.Release|x64.Deploy.0 = Release|Any CPU
		{33D117E6-4550-4EA5-8C8A-0C9040952724}.Release|x86.ActiveCfg = Release|Any CPU
		{33D117E6-4550-4EA5-8C8A-0C9040952724}.Release|x86.Build.0 = Release|Any CPU
		{33D117E6-4550-4EA5-8C8A-0C9040952724}.Release|x86.Deploy.0 = Release|Any CPU
		{0C5962F5-3031-4837-A54A-BB10237B3D83}.Debug|Any CPU.ActiveCfg = Debug|Any CPU
		{0C5962F5-3031-4837-A54A-BB10237B3D83}.Debug|Any CPU.Build.0 = Debug|Any CPU
		{0C5962F5-3031-4837-A54A-BB10237B3D83}.Debug|ARM64.ActiveCfg = Debug|Any CPU
		{0C5962F5-3031-4837-A54A-BB10237B3D83}.Debug|ARM64.Build.0 = Debug|Any CPU
		{0C5962F5-3031-4837-A54A-BB10237B3D83}.Debug|x64.ActiveCfg = Debug|Any CPU
		{0C5962F5-3031-4837-A54A-BB10237B3D83}.Debug|x64.Build.0 = Debug|Any CPU
		{0C5962F5-3031-4837-A54A-BB10237B3D83}.Debug|x86.ActiveCfg = Debug|Any CPU
		{0C5962F5-3031-4837-A54A-BB10237B3D83}.Debug|x86.Build.0 = Debug|Any CPU
		{0C5962F5-3031-4837-A54A-BB10237B3D83}.Release|Any CPU.ActiveCfg = Release|Any CPU
		{0C5962F5-3031-4837-A54A-BB10237B3D83}.Release|Any CPU.Build.0 = Release|Any CPU
		{0C5962F5-3031-4837-A54A-BB10237B3D83}.Release|ARM64.ActiveCfg = Release|Any CPU
		{0C5962F5-3031-4837-A54A-BB10237B3D83}.Release|ARM64.Build.0 = Release|Any CPU
		{0C5962F5-3031-4837-A54A-BB10237B3D83}.Release|x64.ActiveCfg = Release|Any CPU
		{0C5962F5-3031-4837-A54A-BB10237B3D83}.Release|x64.Build.0 = Release|Any CPU
		{0C5962F5-3031-4837-A54A-BB10237B3D83}.Release|x86.ActiveCfg = Release|Any CPU
		{0C5962F5-3031-4837-A54A-BB10237B3D83}.Release|x86.Build.0 = Release|Any CPU
		{45623FB0-4C29-4006-8E99-7A1A5916098E}.Debug|Any CPU.ActiveCfg = Debug|Any CPU
		{45623FB0-4C29-4006-8E99-7A1A5916098E}.Debug|Any CPU.Build.0 = Debug|Any CPU
		{45623FB0-4C29-4006-8E99-7A1A5916098E}.Debug|ARM64.ActiveCfg = Debug|Any CPU
		{45623FB0-4C29-4006-8E99-7A1A5916098E}.Debug|ARM64.Build.0 = Debug|Any CPU
		{45623FB0-4C29-4006-8E99-7A1A5916098E}.Debug|x64.ActiveCfg = Debug|Any CPU
		{45623FB0-4C29-4006-8E99-7A1A5916098E}.Debug|x64.Build.0 = Debug|Any CPU
		{45623FB0-4C29-4006-8E99-7A1A5916098E}.Debug|x86.ActiveCfg = Debug|Any CPU
		{45623FB0-4C29-4006-8E99-7A1A5916098E}.Debug|x86.Build.0 = Debug|Any CPU
		{45623FB0-4C29-4006-8E99-7A1A5916098E}.Release|Any CPU.ActiveCfg = Release|Any CPU
		{45623FB0-4C29-4006-8E99-7A1A5916098E}.Release|Any CPU.Build.0 = Release|Any CPU
		{45623FB0-4C29-4006-8E99-7A1A5916098E}.Release|ARM64.ActiveCfg = Release|Any CPU
		{45623FB0-4C29-4006-8E99-7A1A5916098E}.Release|ARM64.Build.0 = Release|Any CPU
		{45623FB0-4C29-4006-8E99-7A1A5916098E}.Release|x64.ActiveCfg = Release|Any CPU
		{45623FB0-4C29-4006-8E99-7A1A5916098E}.Release|x64.Build.0 = Release|Any CPU
		{45623FB0-4C29-4006-8E99-7A1A5916098E}.Release|x86.ActiveCfg = Release|Any CPU
		{45623FB0-4C29-4006-8E99-7A1A5916098E}.Release|x86.Build.0 = Release|Any CPU
		{1421B1CA-F1C3-4EC4-AC12-0D53640F8E60}.Debug|Any CPU.ActiveCfg = Debug|Any CPU
		{1421B1CA-F1C3-4EC4-AC12-0D53640F8E60}.Debug|Any CPU.Build.0 = Debug|Any CPU
		{1421B1CA-F1C3-4EC4-AC12-0D53640F8E60}.Debug|ARM64.ActiveCfg = Debug|Any CPU
		{1421B1CA-F1C3-4EC4-AC12-0D53640F8E60}.Debug|ARM64.Build.0 = Debug|Any CPU
		{1421B1CA-F1C3-4EC4-AC12-0D53640F8E60}.Debug|x64.ActiveCfg = Debug|Any CPU
		{1421B1CA-F1C3-4EC4-AC12-0D53640F8E60}.Debug|x64.Build.0 = Debug|Any CPU
		{1421B1CA-F1C3-4EC4-AC12-0D53640F8E60}.Debug|x86.ActiveCfg = Debug|Any CPU
		{1421B1CA-F1C3-4EC4-AC12-0D53640F8E60}.Debug|x86.Build.0 = Debug|Any CPU
		{1421B1CA-F1C3-4EC4-AC12-0D53640F8E60}.Release|Any CPU.ActiveCfg = Release|Any CPU
		{1421B1CA-F1C3-4EC4-AC12-0D53640F8E60}.Release|Any CPU.Build.0 = Release|Any CPU
		{1421B1CA-F1C3-4EC4-AC12-0D53640F8E60}.Release|ARM64.ActiveCfg = Release|Any CPU
		{1421B1CA-F1C3-4EC4-AC12-0D53640F8E60}.Release|ARM64.Build.0 = Release|Any CPU
		{1421B1CA-F1C3-4EC4-AC12-0D53640F8E60}.Release|x64.ActiveCfg = Release|Any CPU
		{1421B1CA-F1C3-4EC4-AC12-0D53640F8E60}.Release|x64.Build.0 = Release|Any CPU
		{1421B1CA-F1C3-4EC4-AC12-0D53640F8E60}.Release|x86.ActiveCfg = Release|Any CPU
		{1421B1CA-F1C3-4EC4-AC12-0D53640F8E60}.Release|x86.Build.0 = Release|Any CPU
		{785B3C4E-54E5-40FF-815B-D87AD1B625F7}.Debug|Any CPU.ActiveCfg = Debug|Any CPU
		{785B3C4E-54E5-40FF-815B-D87AD1B625F7}.Debug|Any CPU.Build.0 = Debug|Any CPU
		{785B3C4E-54E5-40FF-815B-D87AD1B625F7}.Debug|ARM64.ActiveCfg = Debug|Any CPU
		{785B3C4E-54E5-40FF-815B-D87AD1B625F7}.Debug|ARM64.Build.0 = Debug|Any CPU
		{785B3C4E-54E5-40FF-815B-D87AD1B625F7}.Debug|x64.ActiveCfg = Debug|Any CPU
		{785B3C4E-54E5-40FF-815B-D87AD1B625F7}.Debug|x64.Build.0 = Debug|Any CPU
		{785B3C4E-54E5-40FF-815B-D87AD1B625F7}.Debug|x86.ActiveCfg = Debug|Any CPU
		{785B3C4E-54E5-40FF-815B-D87AD1B625F7}.Debug|x86.Build.0 = Debug|Any CPU
		{785B3C4E-54E5-40FF-815B-D87AD1B625F7}.Release|Any CPU.ActiveCfg = Release|Any CPU
		{785B3C4E-54E5-40FF-815B-D87AD1B625F7}.Release|Any CPU.Build.0 = Release|Any CPU
		{785B3C4E-54E5-40FF-815B-D87AD1B625F7}.Release|ARM64.ActiveCfg = Release|Any CPU
		{785B3C4E-54E5-40FF-815B-D87AD1B625F7}.Release|ARM64.Build.0 = Release|Any CPU
		{785B3C4E-54E5-40FF-815B-D87AD1B625F7}.Release|x64.ActiveCfg = Release|Any CPU
		{785B3C4E-54E5-40FF-815B-D87AD1B625F7}.Release|x64.Build.0 = Release|Any CPU
		{785B3C4E-54E5-40FF-815B-D87AD1B625F7}.Release|x86.ActiveCfg = Release|Any CPU
		{785B3C4E-54E5-40FF-815B-D87AD1B625F7}.Release|x86.Build.0 = Release|Any CPU
		{428E34C1-3C13-46E6-BD40-927CBBDCF173}.Debug|Any CPU.ActiveCfg = Debug|Any CPU
		{428E34C1-3C13-46E6-BD40-927CBBDCF173}.Debug|Any CPU.Build.0 = Debug|Any CPU
		{428E34C1-3C13-46E6-BD40-927CBBDCF173}.Debug|ARM64.ActiveCfg = Debug|Any CPU
		{428E34C1-3C13-46E6-BD40-927CBBDCF173}.Debug|ARM64.Build.0 = Debug|Any CPU
		{428E34C1-3C13-46E6-BD40-927CBBDCF173}.Debug|x64.ActiveCfg = Debug|Any CPU
		{428E34C1-3C13-46E6-BD40-927CBBDCF173}.Debug|x64.Build.0 = Debug|Any CPU
		{428E34C1-3C13-46E6-BD40-927CBBDCF173}.Debug|x86.ActiveCfg = Debug|Any CPU
		{428E34C1-3C13-46E6-BD40-927CBBDCF173}.Debug|x86.Build.0 = Debug|Any CPU
		{428E34C1-3C13-46E6-BD40-927CBBDCF173}.Release|Any CPU.ActiveCfg = Release|Any CPU
		{428E34C1-3C13-46E6-BD40-927CBBDCF173}.Release|Any CPU.Build.0 = Release|Any CPU
		{428E34C1-3C13-46E6-BD40-927CBBDCF173}.Release|ARM64.ActiveCfg = Release|Any CPU
		{428E34C1-3C13-46E6-BD40-927CBBDCF173}.Release|ARM64.Build.0 = Release|Any CPU
		{428E34C1-3C13-46E6-BD40-927CBBDCF173}.Release|x64.ActiveCfg = Release|Any CPU
		{428E34C1-3C13-46E6-BD40-927CBBDCF173}.Release|x64.Build.0 = Release|Any CPU
		{428E34C1-3C13-46E6-BD40-927CBBDCF173}.Release|x86.ActiveCfg = Release|Any CPU
		{428E34C1-3C13-46E6-BD40-927CBBDCF173}.Release|x86.Build.0 = Release|Any CPU
		{3D4EFA35-C01A-40E2-8FA9-A2235F66A289}.Debug|Any CPU.ActiveCfg = Debug|Any CPU
		{3D4EFA35-C01A-40E2-8FA9-A2235F66A289}.Debug|Any CPU.Build.0 = Debug|Any CPU
		{3D4EFA35-C01A-40E2-8FA9-A2235F66A289}.Debug|ARM64.ActiveCfg = Debug|Any CPU
		{3D4EFA35-C01A-40E2-8FA9-A2235F66A289}.Debug|ARM64.Build.0 = Debug|Any CPU
		{3D4EFA35-C01A-40E2-8FA9-A2235F66A289}.Debug|x64.ActiveCfg = Debug|Any CPU
		{3D4EFA35-C01A-40E2-8FA9-A2235F66A289}.Debug|x64.Build.0 = Debug|Any CPU
		{3D4EFA35-C01A-40E2-8FA9-A2235F66A289}.Debug|x86.ActiveCfg = Debug|Any CPU
		{3D4EFA35-C01A-40E2-8FA9-A2235F66A289}.Debug|x86.Build.0 = Debug|Any CPU
		{3D4EFA35-C01A-40E2-8FA9-A2235F66A289}.Release|Any CPU.ActiveCfg = Release|Any CPU
		{3D4EFA35-C01A-40E2-8FA9-A2235F66A289}.Release|Any CPU.Build.0 = Release|Any CPU
		{3D4EFA35-C01A-40E2-8FA9-A2235F66A289}.Release|ARM64.ActiveCfg = Release|Any CPU
		{3D4EFA35-C01A-40E2-8FA9-A2235F66A289}.Release|ARM64.Build.0 = Release|Any CPU
		{3D4EFA35-C01A-40E2-8FA9-A2235F66A289}.Release|x64.ActiveCfg = Release|Any CPU
		{3D4EFA35-C01A-40E2-8FA9-A2235F66A289}.Release|x64.Build.0 = Release|Any CPU
		{3D4EFA35-C01A-40E2-8FA9-A2235F66A289}.Release|x86.ActiveCfg = Release|Any CPU
		{3D4EFA35-C01A-40E2-8FA9-A2235F66A289}.Release|x86.Build.0 = Release|Any CPU
		{99887960-2C65-4734-A57C-FD5344A5F67F}.Debug|Any CPU.ActiveCfg = Debug|Any CPU
		{99887960-2C65-4734-A57C-FD5344A5F67F}.Debug|Any CPU.Build.0 = Debug|Any CPU
		{99887960-2C65-4734-A57C-FD5344A5F67F}.Debug|ARM64.ActiveCfg = Debug|Any CPU
		{99887960-2C65-4734-A57C-FD5344A5F67F}.Debug|ARM64.Build.0 = Debug|Any CPU
		{99887960-2C65-4734-A57C-FD5344A5F67F}.Debug|x64.ActiveCfg = Debug|Any CPU
		{99887960-2C65-4734-A57C-FD5344A5F67F}.Debug|x64.Build.0 = Debug|Any CPU
		{99887960-2C65-4734-A57C-FD5344A5F67F}.Debug|x86.ActiveCfg = Debug|Any CPU
		{99887960-2C65-4734-A57C-FD5344A5F67F}.Debug|x86.Build.0 = Debug|Any CPU
		{99887960-2C65-4734-A57C-FD5344A5F67F}.Release|Any CPU.ActiveCfg = Release|Any CPU
		{99887960-2C65-4734-A57C-FD5344A5F67F}.Release|Any CPU.Build.0 = Release|Any CPU
		{99887960-2C65-4734-A57C-FD5344A5F67F}.Release|ARM64.ActiveCfg = Release|Any CPU
		{99887960-2C65-4734-A57C-FD5344A5F67F}.Release|ARM64.Build.0 = Release|Any CPU
		{99887960-2C65-4734-A57C-FD5344A5F67F}.Release|x64.ActiveCfg = Release|Any CPU
		{99887960-2C65-4734-A57C-FD5344A5F67F}.Release|x64.Build.0 = Release|Any CPU
		{99887960-2C65-4734-A57C-FD5344A5F67F}.Release|x86.ActiveCfg = Release|Any CPU
		{99887960-2C65-4734-A57C-FD5344A5F67F}.Release|x86.Build.0 = Release|Any CPU
		{7609EA5C-7F60-4A8C-A581-AB5D7A61E413}.Debug|Any CPU.ActiveCfg = Debug|Any CPU
		{7609EA5C-7F60-4A8C-A581-AB5D7A61E413}.Debug|Any CPU.Build.0 = Debug|Any CPU
		{7609EA5C-7F60-4A8C-A581-AB5D7A61E413}.Debug|ARM64.ActiveCfg = Debug|Any CPU
		{7609EA5C-7F60-4A8C-A581-AB5D7A61E413}.Debug|ARM64.Build.0 = Debug|Any CPU
		{7609EA5C-7F60-4A8C-A581-AB5D7A61E413}.Debug|x64.ActiveCfg = Debug|Any CPU
		{7609EA5C-7F60-4A8C-A581-AB5D7A61E413}.Debug|x64.Build.0 = Debug|Any CPU
		{7609EA5C-7F60-4A8C-A581-AB5D7A61E413}.Debug|x86.ActiveCfg = Debug|Any CPU
		{7609EA5C-7F60-4A8C-A581-AB5D7A61E413}.Debug|x86.Build.0 = Debug|Any CPU
		{7609EA5C-7F60-4A8C-A581-AB5D7A61E413}.Release|Any CPU.ActiveCfg = Release|Any CPU
		{7609EA5C-7F60-4A8C-A581-AB5D7A61E413}.Release|Any CPU.Build.0 = Release|Any CPU
		{7609EA5C-7F60-4A8C-A581-AB5D7A61E413}.Release|ARM64.ActiveCfg = Release|Any CPU
		{7609EA5C-7F60-4A8C-A581-AB5D7A61E413}.Release|ARM64.Build.0 = Release|Any CPU
		{7609EA5C-7F60-4A8C-A581-AB5D7A61E413}.Release|x64.ActiveCfg = Release|Any CPU
		{7609EA5C-7F60-4A8C-A581-AB5D7A61E413}.Release|x64.Build.0 = Release|Any CPU
		{7609EA5C-7F60-4A8C-A581-AB5D7A61E413}.Release|x86.ActiveCfg = Release|Any CPU
		{7609EA5C-7F60-4A8C-A581-AB5D7A61E413}.Release|x86.Build.0 = Release|Any CPU
		{8E74FFC2-5B3E-4436-A634-466479F9C188}.Debug|Any CPU.ActiveCfg = Debug|Any CPU
		{8E74FFC2-5B3E-4436-A634-466479F9C188}.Debug|Any CPU.Build.0 = Debug|Any CPU
		{8E74FFC2-5B3E-4436-A634-466479F9C188}.Debug|ARM64.ActiveCfg = Debug|Any CPU
		{8E74FFC2-5B3E-4436-A634-466479F9C188}.Debug|ARM64.Build.0 = Debug|Any CPU
		{8E74FFC2-5B3E-4436-A634-466479F9C188}.Debug|x64.ActiveCfg = Debug|Any CPU
		{8E74FFC2-5B3E-4436-A634-466479F9C188}.Debug|x64.Build.0 = Debug|Any CPU
		{8E74FFC2-5B3E-4436-A634-466479F9C188}.Debug|x86.ActiveCfg = Debug|Any CPU
		{8E74FFC2-5B3E-4436-A634-466479F9C188}.Debug|x86.Build.0 = Debug|Any CPU
		{8E74FFC2-5B3E-4436-A634-466479F9C188}.Release|Any CPU.ActiveCfg = Release|Any CPU
		{8E74FFC2-5B3E-4436-A634-466479F9C188}.Release|Any CPU.Build.0 = Release|Any CPU
		{8E74FFC2-5B3E-4436-A634-466479F9C188}.Release|ARM64.ActiveCfg = Release|Any CPU
		{8E74FFC2-5B3E-4436-A634-466479F9C188}.Release|ARM64.Build.0 = Release|Any CPU
		{8E74FFC2-5B3E-4436-A634-466479F9C188}.Release|x64.ActiveCfg = Release|Any CPU
		{8E74FFC2-5B3E-4436-A634-466479F9C188}.Release|x64.Build.0 = Release|Any CPU
		{8E74FFC2-5B3E-4436-A634-466479F9C188}.Release|x86.ActiveCfg = Release|Any CPU
		{8E74FFC2-5B3E-4436-A634-466479F9C188}.Release|x86.Build.0 = Release|Any CPU
		{0A03F1F0-E13F-499C-9BD1-69E798C3E91F}.Debug|Any CPU.ActiveCfg = Debug|Any CPU
		{0A03F1F0-E13F-499C-9BD1-69E798C3E91F}.Debug|Any CPU.Build.0 = Debug|Any CPU
		{0A03F1F0-E13F-499C-9BD1-69E798C3E91F}.Debug|ARM64.ActiveCfg = Debug|Any CPU
		{0A03F1F0-E13F-499C-9BD1-69E798C3E91F}.Debug|ARM64.Build.0 = Debug|Any CPU
		{0A03F1F0-E13F-499C-9BD1-69E798C3E91F}.Debug|x64.ActiveCfg = Debug|Any CPU
		{0A03F1F0-E13F-499C-9BD1-69E798C3E91F}.Debug|x64.Build.0 = Debug|Any CPU
		{0A03F1F0-E13F-499C-9BD1-69E798C3E91F}.Debug|x86.ActiveCfg = Debug|Any CPU
		{0A03F1F0-E13F-499C-9BD1-69E798C3E91F}.Debug|x86.Build.0 = Debug|Any CPU
		{0A03F1F0-E13F-499C-9BD1-69E798C3E91F}.Release|Any CPU.ActiveCfg = Release|Any CPU
		{0A03F1F0-E13F-499C-9BD1-69E798C3E91F}.Release|Any CPU.Build.0 = Release|Any CPU
		{0A03F1F0-E13F-499C-9BD1-69E798C3E91F}.Release|ARM64.ActiveCfg = Release|Any CPU
		{0A03F1F0-E13F-499C-9BD1-69E798C3E91F}.Release|ARM64.Build.0 = Release|Any CPU
		{0A03F1F0-E13F-499C-9BD1-69E798C3E91F}.Release|x64.ActiveCfg = Release|Any CPU
		{0A03F1F0-E13F-499C-9BD1-69E798C3E91F}.Release|x64.Build.0 = Release|Any CPU
		{0A03F1F0-E13F-499C-9BD1-69E798C3E91F}.Release|x86.ActiveCfg = Release|Any CPU
		{0A03F1F0-E13F-499C-9BD1-69E798C3E91F}.Release|x86.Build.0 = Release|Any CPU
		{516ADBFA-197A-42A4-878B-C97147C1814C}.Debug|Any CPU.ActiveCfg = Debug|Any CPU
		{516ADBFA-197A-42A4-878B-C97147C1814C}.Debug|Any CPU.Build.0 = Debug|Any CPU
		{516ADBFA-197A-42A4-878B-C97147C1814C}.Debug|ARM64.ActiveCfg = Debug|Any CPU
		{516ADBFA-197A-42A4-878B-C97147C1814C}.Debug|ARM64.Build.0 = Debug|Any CPU
		{516ADBFA-197A-42A4-878B-C97147C1814C}.Debug|x64.ActiveCfg = Debug|Any CPU
		{516ADBFA-197A-42A4-878B-C97147C1814C}.Debug|x64.Build.0 = Debug|Any CPU
		{516ADBFA-197A-42A4-878B-C97147C1814C}.Debug|x86.ActiveCfg = Debug|Any CPU
		{516ADBFA-197A-42A4-878B-C97147C1814C}.Debug|x86.Build.0 = Debug|Any CPU
		{516ADBFA-197A-42A4-878B-C97147C1814C}.Release|Any CPU.ActiveCfg = Release|Any CPU
		{516ADBFA-197A-42A4-878B-C97147C1814C}.Release|Any CPU.Build.0 = Release|Any CPU
		{516ADBFA-197A-42A4-878B-C97147C1814C}.Release|ARM64.ActiveCfg = Release|Any CPU
		{516ADBFA-197A-42A4-878B-C97147C1814C}.Release|ARM64.Build.0 = Release|Any CPU
		{516ADBFA-197A-42A4-878B-C97147C1814C}.Release|x64.ActiveCfg = Release|Any CPU
		{516ADBFA-197A-42A4-878B-C97147C1814C}.Release|x64.Build.0 = Release|Any CPU
		{516ADBFA-197A-42A4-878B-C97147C1814C}.Release|x86.ActiveCfg = Release|Any CPU
		{516ADBFA-197A-42A4-878B-C97147C1814C}.Release|x86.Build.0 = Release|Any CPU
		{61DF5746-BDE6-4B10-B1AC-8C5DB0635ACB}.Debug|Any CPU.ActiveCfg = Debug|Any CPU
		{61DF5746-BDE6-4B10-B1AC-8C5DB0635ACB}.Debug|Any CPU.Build.0 = Debug|Any CPU
		{61DF5746-BDE6-4B10-B1AC-8C5DB0635ACB}.Debug|ARM64.ActiveCfg = Debug|Any CPU
		{61DF5746-BDE6-4B10-B1AC-8C5DB0635ACB}.Debug|ARM64.Build.0 = Debug|Any CPU
		{61DF5746-BDE6-4B10-B1AC-8C5DB0635ACB}.Debug|x64.ActiveCfg = Debug|Any CPU
		{61DF5746-BDE6-4B10-B1AC-8C5DB0635ACB}.Debug|x64.Build.0 = Debug|Any CPU
		{61DF5746-BDE6-4B10-B1AC-8C5DB0635ACB}.Debug|x86.ActiveCfg = Debug|Any CPU
		{61DF5746-BDE6-4B10-B1AC-8C5DB0635ACB}.Debug|x86.Build.0 = Debug|Any CPU
		{61DF5746-BDE6-4B10-B1AC-8C5DB0635ACB}.Release|Any CPU.ActiveCfg = Release|Any CPU
		{61DF5746-BDE6-4B10-B1AC-8C5DB0635ACB}.Release|Any CPU.Build.0 = Release|Any CPU
		{61DF5746-BDE6-4B10-B1AC-8C5DB0635ACB}.Release|ARM64.ActiveCfg = Release|Any CPU
		{61DF5746-BDE6-4B10-B1AC-8C5DB0635ACB}.Release|ARM64.Build.0 = Release|Any CPU
		{61DF5746-BDE6-4B10-B1AC-8C5DB0635ACB}.Release|x64.ActiveCfg = Release|Any CPU
		{61DF5746-BDE6-4B10-B1AC-8C5DB0635ACB}.Release|x64.Build.0 = Release|Any CPU
		{61DF5746-BDE6-4B10-B1AC-8C5DB0635ACB}.Release|x86.ActiveCfg = Release|Any CPU
		{61DF5746-BDE6-4B10-B1AC-8C5DB0635ACB}.Release|x86.Build.0 = Release|Any CPU
	EndGlobalSection
	GlobalSection(SolutionProperties) = preSolution
		HideSolutionNode = FALSE
	EndGlobalSection
	GlobalSection(NestedProjects) = preSolution
		{33D117E6-4550-4EA5-8C8A-0C9040952724} = {1BD434BB-57A6-4348-AE0C-5389EDF5A811}
		{0C5962F5-3031-4837-A54A-BB10237B3D83} = {3E60698A-E41F-4A60-BA5E-9F15500AEF61}
		{45623FB0-4C29-4006-8E99-7A1A5916098E} = {ACB4153C-A80B-4C1A-BB07-1902115D9688}
		{1421B1CA-F1C3-4EC4-AC12-0D53640F8E60} = {3E60698A-E41F-4A60-BA5E-9F15500AEF61}
		{785B3C4E-54E5-40FF-815B-D87AD1B625F7} = {2A9A15D8-DC4E-4B6A-AB4B-2C52942DB614}
		{428E34C1-3C13-46E6-BD40-927CBBDCF173} = {1BD434BB-57A6-4348-AE0C-5389EDF5A811}
		{3D4EFA35-C01A-40E2-8FA9-A2235F66A289} = {3E60698A-E41F-4A60-BA5E-9F15500AEF61}
		{631DEE6A-0575-46DD-B518-0B26A677273C} = {1BD434BB-57A6-4348-AE0C-5389EDF5A811}
		{99887960-2C65-4734-A57C-FD5344A5F67F} = {631DEE6A-0575-46DD-B518-0B26A677273C}
		{7609EA5C-7F60-4A8C-A581-AB5D7A61E413} = {631DEE6A-0575-46DD-B518-0B26A677273C}
		{8E74FFC2-5B3E-4436-A634-466479F9C188} = {631DEE6A-0575-46DD-B518-0B26A677273C}
		{0A03F1F0-E13F-499C-9BD1-69E798C3E91F} = {631DEE6A-0575-46DD-B518-0B26A677273C}
		{516ADBFA-197A-42A4-878B-C97147C1814C} = {631DEE6A-0575-46DD-B518-0B26A677273C}
		{61DF5746-BDE6-4B10-B1AC-8C5DB0635ACB} = {2A9A15D8-DC4E-4B6A-AB4B-2C52942DB614}
	EndGlobalSection
	GlobalSection(ExtensibilityGlobals) = postSolution
		SolutionGuid = {348087A8-444D-44CE-9A16-F1EE29553976}
	EndGlobalSection
EndGlobal
